
Microsoft Visual Studio Solution File, Format Version 12.00
# Visual Studio Version 16
VisualStudioVersion = 16.0.32802.440
MinimumVisualStudioVersion = 10.0.40219.1
Project("{FAE04EC0-301F-11D3-BF4B-00C04F79EFBC}") = "EndYear", "EndYear\EndYear.csproj", "{038E8B1A-2F2D-487B-BED9-9CD87E689C06}"
EndProject
Global
	GlobalSection(SolutionConfigurationPlatforms) = preSolution
		Debug|Any CPU = Debug|Any CPU
		Release|Any CPU = Release|Any CPU
	EndGlobalSection
	GlobalSection(ProjectConfigurationPlatforms) = postSolution
		{038E8B1A-2F2D-487B-BED9-9CD87E689C06}.Debug|Any CPU.ActiveCfg = Debug|Any CPU
		{038E8B1A-2F2D-487B-BED9-9CD87E689C06}.Debug|Any CPU.Build.0 = Debug|Any CPU
		{038E8B1A-2F2D-487B-BED9-9CD87E689C06}.Release|Any CPU.ActiveCfg = Release|Any CPU
		{038E8B1A-2F2D-487B-BED9-9CD87E689C06}.Release|Any CPU.Build.0 = Release|Any CPU
	EndGlobalSection
	GlobalSection(SolutionProperties) = preSolution
		HideSolutionNode = FALSE
	EndGlobalSection
	GlobalSection(ExtensibilityGlobals) = postSolution
		SolutionGuid = {A4050F76-4B37-492B-A9B8-BF7D8F9F7894}
	EndGlobalSection
EndGlobal
